# This file is automatically @generated by Poetry 1.5.1 and should not be changed by hand.

[[package]]
name = "annotated-types"
version = "0.5.0"
description = "Reusable constraint types to use with typing.Annotated"
optional = false
python-versions = ">=3.7"
files = [
    {file = "annotated_types-0.5.0-py3-none-any.whl", hash = "sha256:58da39888f92c276ad970249761ebea80ba544b77acddaa1a4d6cf78287d45fd"},
    {file = "annotated_types-0.5.0.tar.gz", hash = "sha256:47cdc3490d9ac1506ce92c7aaa76c579dc3509ff11e098fc867e5130ab7be802"},
]

[[package]]
name = "anyio"
version = "3.7.1"
description = "High level compatibility layer for multiple asynchronous event loop implementations"
optional = false
python-versions = ">=3.7"
files = [
    {file = "anyio-3.7.1-py3-none-any.whl", hash = "sha256:91dee416e570e92c64041bd18b900d1d6fa78dff7048769ce5ac5ddad004fbb5"},
    {file = "anyio-3.7.1.tar.gz", hash = "sha256:44a3c9aba0f5defa43261a8b3efb97891f2bd7d804e0e1f56419befa1adfc780"},
]

[package.dependencies]
idna = ">=2.8"
sniffio = ">=1.1"

[package.extras]
doc = ["Sphinx", "packaging", "sphinx-autodoc-typehints (>=1.2.0)", "sphinx-rtd-theme (>=1.2.2)", "sphinxcontrib-jquery"]
test = ["anyio[trio]", "coverage[toml] (>=4.5)", "hypothesis (>=4.0)", "mock (>=4)", "psutil (>=5.9)", "pytest (>=7.0)", "pytest-mock (>=3.6.1)", "trustme", "uvloop (>=0.17)"]
trio = ["trio (<0.22)"]

[[package]]
name = "click"
version = "8.1.7"
description = "Composable command line interface toolkit"
optional = false
python-versions = ">=3.7"
files = [
    {file = "click-8.1.7-py3-none-any.whl", hash = "sha256:ae74fb96c20a0277a1d615f1e4d73c8414f5a98db8b799a7931d1582f3390c28"},
    {file = "click-8.1.7.tar.gz", hash = "sha256:ca9853ad459e787e2192211578cc907e7594e294c7ccc834310722b41b9ca6de"},
]

[package.dependencies]
colorama = {version = "*", markers = "platform_system == \"Windows\""}

[[package]]
name = "colorama"
version = "0.4.6"
description = "Cross-platform colored terminal text."
optional = false
python-versions = "!=3.0.*,!=3.1.*,!=3.2.*,!=3.3.*,!=3.4.*,!=3.5.*,!=3.6.*,>=2.7"
files = [
    {file = "colorama-0.4.6-py2.py3-none-any.whl", hash = "sha256:4f1d9991f5acc0ca119f9d443620b77f9d6b33703e51011c16baf57afb285fc6"},
    {file = "colorama-0.4.6.tar.gz", hash = "sha256:08695f5cb7ed6e0531a20572697297273c47b8cae5a63ffc6d6ed5c201be6e44"},
]

[[package]]
name = "fastapi"
version = "0.103.1"
description = "FastAPI framework, high performance, easy to learn, fast to code, ready for production"
optional = false
python-versions = ">=3.7"
files = [
    {file = "fastapi-0.103.1-py3-none-any.whl", hash = "sha256:5e5f17e826dbd9e9b5a5145976c5cd90bcaa61f2bf9a69aca423f2bcebe44d83"},
    {file = "fastapi-0.103.1.tar.gz", hash = "sha256:345844e6a82062f06a096684196aaf96c1198b25c06b72c1311b882aa2d8a35d"},
]

[package.dependencies]
anyio = ">=3.7.1,<4.0.0"
pydantic = ">=1.7.4,<1.8 || >1.8,<1.8.1 || >1.8.1,<2.0.0 || >2.0.0,<2.0.1 || >2.0.1,<2.1.0 || >2.1.0,<3.0.0"
starlette = ">=0.27.0,<0.28.0"
typing-extensions = ">=4.5.0"

[package.extras]
all = ["email-validator (>=2.0.0)", "httpx (>=0.23.0)", "itsdangerous (>=1.1.0)", "jinja2 (>=2.11.2)", "orjson (>=3.2.1)", "pydantic-extra-types (>=2.0.0)", "pydantic-settings (>=2.0.0)", "python-multipart (>=0.0.5)", "pyyaml (>=5.3.1)", "ujson (>=4.0.1,!=4.0.2,!=4.1.0,!=4.2.0,!=4.3.0,!=5.0.0,!=5.1.0)", "uvicorn[standard] (>=0.12.0)"]

[[package]]
name = "h11"
version = "0.14.0"
description = "A pure-Python, bring-your-own-I/O implementation of HTTP/1.1"
optional = false
python-versions = ">=3.7"
files = [
    {file = "h11-0.14.0-py3-none-any.whl", hash = "sha256:e3fe4ac4b851c468cc8363d500db52c2ead036020723024a109d37346efaa761"},
    {file = "h11-0.14.0.tar.gz", hash = "sha256:8f19fbbe99e72420ff35c00b27a34cb9937e902a8b810e2c88300c6f0a3b699d"},
]

[[package]]
name = "idna"
version = "3.4"
description = "Internationalized Domain Names in Applications (IDNA)"
optional = false
python-versions = ">=3.5"
files = [
    {file = "idna-3.4-py3-none-any.whl", hash = "sha256:90b77e79eaa3eba6de819a0c442c0b4ceefc341a7a2ab77d7562bf49f425c5c2"},
    {file = "idna-3.4.tar.gz", hash = "sha256:814f528e8dead7d329833b91c5faa87d60bf71824cd12a7530b5526063d02cb4"},
]

[[package]]
name = "pydantic"
version = "2.3.0"
description = "Data validation using Python type hints"
optional = false
python-versions = ">=3.7"
files = [
    {file = "pydantic-2.3.0-py3-none-any.whl", hash = "sha256:45b5e446c6dfaad9444819a293b921a40e1db1aa61ea08aede0522529ce90e81"},
    {file = "pydantic-2.3.0.tar.gz", hash = "sha256:1607cc106602284cd4a00882986570472f193fde9cb1259bceeaedb26aa79a6d"},
]

[package.dependencies]
annotated-types = ">=0.4.0"
pydantic-core = "2.6.3"
typing-extensions = ">=4.6.1"

[package.extras]
email = ["email-validator (>=2.0.0)"]

[[package]]
name = "pydantic-core"
version = "2.6.3"
description = ""
optional = false
python-versions = ">=3.7"
files = [
    {file = "pydantic_core-2.6.3-cp310-cp310-macosx_10_7_x86_64.whl", hash = "sha256:1a0ddaa723c48af27d19f27f1c73bdc615c73686d763388c8683fe34ae777bad"},
    {file = "pydantic_core-2.6.3-cp310-cp310-macosx_11_0_arm64.whl", hash = "sha256:5cfde4fab34dd1e3a3f7f3db38182ab6c95e4ea91cf322242ee0be5c2f7e3d2f"},
    {file = "pydantic_core-2.6.3-cp310-cp310-manylinux_2_17_aarch64.manylinux2014_aarch64.whl", hash = "sha256:5493a7027bfc6b108e17c3383959485087d5942e87eb62bbac69829eae9bc1f7"},
    {file = "pydantic_core-2.6.3-cp310-cp310-manylinux_2_17_armv7l.manylinux2014_armv7l.whl", hash = "sha256:84e87c16f582f5c753b7f39a71bd6647255512191be2d2dbf49458c4ef024588"},
    {file = "pydantic_core-2.6.3-cp310-cp310-manylinux_2_17_ppc64le.manylinux2014_ppc64le.whl", hash = "sha256:522a9c4a4d1924facce7270c84b5134c5cabcb01513213662a2e89cf28c1d309"},
    {file = "pydantic_core-2.6.3-cp310-cp310-manylinux_2_17_s390x.manylinux2014_s390x.whl", hash = "sha256:aaafc776e5edc72b3cad1ccedb5fd869cc5c9a591f1213aa9eba31a781be9ac1"},
    {file = "pydantic_core-2.6.3-cp310-cp310-manylinux_2_17_x86_64.manylinux2014_x86_64.whl", hash = "sha256:3a750a83b2728299ca12e003d73d1264ad0440f60f4fc9cee54acc489249b728"},
    {file = "pydantic_core-2.6.3-cp310-cp310-manylinux_2_5_i686.manylinux1_i686.whl", hash = "sha256:9e8b374ef41ad5c461efb7a140ce4730661aadf85958b5c6a3e9cf4e040ff4bb"},
    {file = "pydantic_core-2.6.3-cp310-cp310-musllinux_1_1_aarch64.whl", hash = "sha256:b594b64e8568cf09ee5c9501ede37066b9fc41d83d58f55b9952e32141256acd"},
    {file = "pydantic_core-2.6.3-cp310-cp310-musllinux_1_1_x86_64.whl", hash = "sha256:2a20c533cb80466c1d42a43a4521669ccad7cf2967830ac62c2c2f9cece63e7e"},
    {file = "pydantic_core-2.6.3-cp310-none-win32.whl", hash = "sha256:04fe5c0a43dec39aedba0ec9579001061d4653a9b53a1366b113aca4a3c05ca7"},
    {file = "pydantic_core-2.6.3-cp310-none-win_amd64.whl", hash = "sha256:6bf7d610ac8f0065a286002a23bcce241ea8248c71988bda538edcc90e0c39ad"},
    {file = "pydantic_core-2.6.3-cp311-cp311-macosx_10_7_x86_64.whl", hash = "sha256:6bcc1ad776fffe25ea5c187a028991c031a00ff92d012ca1cc4714087e575973"},
    {file = "pydantic_core-2.6.3-cp311-cp311-macosx_11_0_arm64.whl", hash = "sha256:df14f6332834444b4a37685810216cc8fe1fe91f447332cd56294c984ecbff1c"},
    {file = "pydantic_core-2.6.3-cp311-cp311-manylinux_2_17_aarch64.manylinux2014_aarch64.whl", hash = "sha256:a0b7486d85293f7f0bbc39b34e1d8aa26210b450bbd3d245ec3d732864009819"},
    {file = "pydantic_core-2.6.3-cp311-cp311-manylinux_2_17_armv7l.manylinux2014_armv7l.whl", hash = "sha256:a892b5b1871b301ce20d40b037ffbe33d1407a39639c2b05356acfef5536d26a"},
    {file = "pydantic_core-2.6.3-cp311-cp311-manylinux_2_17_ppc64le.manylinux2014_ppc64le.whl", hash = "sha256:883daa467865e5766931e07eb20f3e8152324f0adf52658f4d302242c12e2c32"},
    {file = "pydantic_core-2.6.3-cp311-cp311-manylinux_2_17_s390x.manylinux2014_s390x.whl", hash = "sha256:d4eb77df2964b64ba190eee00b2312a1fd7a862af8918ec70fc2d6308f76ac64"},
    {file = "pydantic_core-2.6.3-cp311-cp311-manylinux_2_17_x86_64.manylinux2014_x86_64.whl", hash = "sha256:1ce8c84051fa292a5dc54018a40e2a1926fd17980a9422c973e3ebea017aa8da"},
    {file = "pydantic_core-2.6.3-cp311-cp311-manylinux_2_5_i686.manylinux1_i686.whl", hash = "sha256:22134a4453bd59b7d1e895c455fe277af9d9d9fbbcb9dc3f4a97b8693e7e2c9b"},
    {file = "pydantic_core-2.6.3-cp311-cp311-musllinux_1_1_aarch64.whl", hash = "sha256:02e1c385095efbd997311d85c6021d32369675c09bcbfff3b69d84e59dc103f6"},
    {file = "pydantic_core-2.6.3-cp311-cp311-musllinux_1_1_x86_64.whl", hash = "sha256:d79f1f2f7ebdb9b741296b69049ff44aedd95976bfee38eb4848820628a99b50"},
    {file = "pydantic_core-2.6.3-cp311-none-win32.whl", hash = "sha256:430ddd965ffd068dd70ef4e4d74f2c489c3a313adc28e829dd7262cc0d2dd1e8"},
    {file = "pydantic_core-2.6.3-cp311-none-win_amd64.whl", hash = "sha256:84f8bb34fe76c68c9d96b77c60cef093f5e660ef8e43a6cbfcd991017d375950"},
    {file = "pydantic_core-2.6.3-cp311-none-win_arm64.whl", hash = "sha256:5a2a3c9ef904dcdadb550eedf3291ec3f229431b0084666e2c2aa8ff99a103a2"},
    {file = "pydantic_core-2.6.3-cp312-cp312-macosx_10_7_x86_64.whl", hash = "sha256:8421cf496e746cf8d6b677502ed9a0d1e4e956586cd8b221e1312e0841c002d5"},
    {file = "pydantic_core-2.6.3-cp312-cp312-macosx_11_0_arm64.whl", hash = "sha256:bb128c30cf1df0ab78166ded1ecf876620fb9aac84d2413e8ea1594b588c735d"},
    {file = "pydantic_core-2.6.3-cp312-cp312-manylinux_2_17_aarch64.manylinux2014_aarch64.whl", hash = "sha256:37a822f630712817b6ecc09ccc378192ef5ff12e2c9bae97eb5968a6cdf3b862"},
    {file = "pydantic_core-2.6.3-cp312-cp312-manylinux_2_17_armv7l.manylinux2014_armv7l.whl", hash = "sha256:240a015102a0c0cc8114f1cba6444499a8a4d0333e178bc504a5c2196defd456"},
    {file = "pydantic_core-2.6.3-cp312-cp312-manylinux_2_17_ppc64le.manylinux2014_ppc64le.whl", hash = "sha256:3f90e5e3afb11268628c89f378f7a1ea3f2fe502a28af4192e30a6cdea1e7d5e"},
    {file = "pydantic_core-2.6.3-cp312-cp312-manylinux_2_17_s390x.manylinux2014_s390x.whl", hash = "sha256:340e96c08de1069f3d022a85c2a8c63529fd88709468373b418f4cf2c949fb0e"},
    {file = "pydantic_core-2.6.3-cp312-cp312-manylinux_2_17_x86_64.manylinux2014_x86_64.whl", hash = "sha256:1480fa4682e8202b560dcdc9eeec1005f62a15742b813c88cdc01d44e85308e5"},
    {file = "pydantic_core-2.6.3-cp312-cp312-manylinux_2_5_i686.manylinux1_i686.whl", hash = "sha256:f14546403c2a1d11a130b537dda28f07eb6c1805a43dae4617448074fd49c282"},
    {file = "pydantic_core-2.6.3-cp312-cp312-musllinux_1_1_aarch64.whl", hash = "sha256:a87c54e72aa2ef30189dc74427421e074ab4561cf2bf314589f6af5b37f45e6d"},
    {file = "pydantic_core-2.6.3-cp312-cp312-musllinux_1_1_x86_64.whl", hash = "sha256:f93255b3e4d64785554e544c1c76cd32f4a354fa79e2eeca5d16ac2e7fdd57aa"},
    {file = "pydantic_core-2.6.3-cp312-none-win32.whl", hash = "sha256:f70dc00a91311a1aea124e5f64569ea44c011b58433981313202c46bccbec0e1"},
    {file = "pydantic_core-2.6.3-cp312-none-win_amd64.whl", hash = "sha256:23470a23614c701b37252618e7851e595060a96a23016f9a084f3f92f5ed5881"},
    {file = "pydantic_core-2.6.3-cp312-none-win_arm64.whl", hash = "sha256:1ac1750df1b4339b543531ce793b8fd5c16660a95d13aecaab26b44ce11775e9"},
    {file = "pydantic_core-2.6.3-cp37-cp37m-macosx_10_7_x86_64.whl", hash = "sha256:a53e3195f134bde03620d87a7e2b2f2046e0e5a8195e66d0f244d6d5b2f6d31b"},
    {file = "pydantic_core-2.6.3-cp37-cp37m-macosx_11_0_arm64.whl", hash = "sha256:f2969e8f72c6236c51f91fbb79c33821d12a811e2a94b7aa59c65f8dbdfad34a"},
    {file = "pydantic_core-2.6.3-cp37-cp37m-manylinux_2_17_aarch64.manylinux2014_aarch64.whl", hash = "sha256:672174480a85386dd2e681cadd7d951471ad0bb028ed744c895f11f9d51b9ebe"},
    {file = "pydantic_core-2.6.3-cp37-cp37m-manylinux_2_17_armv7l.manylinux2014_armv7l.whl", hash = "sha256:002d0ea50e17ed982c2d65b480bd975fc41086a5a2f9c924ef8fc54419d1dea3"},
    {file = "pydantic_core-2.6.3-cp37-cp37m-manylinux_2_17_ppc64le.manylinux2014_ppc64le.whl", hash = "sha256:3ccc13afee44b9006a73d2046068d4df96dc5b333bf3509d9a06d1b42db6d8bf"},
    {file = "pydantic_core-2.6.3-cp37-cp37m-manylinux_2_17_s390x.manylinux2014_s390x.whl", hash = "sha256:439a0de139556745ae53f9cc9668c6c2053444af940d3ef3ecad95b079bc9987"},
    {file = "pydantic_core-2.6.3-cp37-cp37m-manylinux_2_17_x86_64.manylinux2014_x86_64.whl", hash = "sha256:d63b7545d489422d417a0cae6f9898618669608750fc5e62156957e609e728a5"},
    {file = "pydantic_core-2.6.3-cp37-cp37m-manylinux_2_5_i686.manylinux1_i686.whl", hash = "sha256:b44c42edc07a50a081672e25dfe6022554b47f91e793066a7b601ca290f71e42"},
    {file = "pydantic_core-2.6.3-cp37-cp37m-musllinux_1_1_aarch64.whl", hash = "sha256:1c721bfc575d57305dd922e6a40a8fe3f762905851d694245807a351ad255c58"},
    {file = "pydantic_core-2.6.3-cp37-cp37m-musllinux_1_1_x86_64.whl", hash = "sha256:5e4a2cf8c4543f37f5dc881de6c190de08096c53986381daebb56a355be5dfe6"},
    {file = "pydantic_core-2.6.3-cp37-none-win32.whl", hash = "sha256:d9b4916b21931b08096efed090327f8fe78e09ae8f5ad44e07f5c72a7eedb51b"},
    {file = "pydantic_core-2.6.3-cp37-none-win_amd64.whl", hash = "sha256:a8acc9dedd304da161eb071cc7ff1326aa5b66aadec9622b2574ad3ffe225525"},
    {file = "pydantic_core-2.6.3-cp38-cp38-macosx_10_7_x86_64.whl", hash = "sha256:5e9c068f36b9f396399d43bfb6defd4cc99c36215f6ff33ac8b9c14ba15bdf6b"},
    {file = "pydantic_core-2.6.3-cp38-cp38-macosx_11_0_arm64.whl", hash = "sha256:e61eae9b31799c32c5f9b7be906be3380e699e74b2db26c227c50a5fc7988698"},
    {file = "pydantic_core-2.6.3-cp38-cp38-manylinux_2_17_aarch64.manylinux2014_aarch64.whl", hash = "sha256:d85463560c67fc65cd86153a4975d0b720b6d7725cf7ee0b2d291288433fc21b"},
    {file = "pydantic_core-2.6.3-cp38-cp38-manylinux_2_17_armv7l.manylinux2014_armv7l.whl", hash = "sha256:9616567800bdc83ce136e5847d41008a1d602213d024207b0ff6cab6753fe645"},
    {file = "pydantic_core-2.6.3-cp38-cp38-manylinux_2_17_ppc64le.manylinux2014_ppc64le.whl", hash = "sha256:9e9b65a55bbabda7fccd3500192a79f6e474d8d36e78d1685496aad5f9dbd92c"},
    {file = "pydantic_core-2.6.3-cp38-cp38-manylinux_2_17_s390x.manylinux2014_s390x.whl", hash = "sha256:f468d520f47807d1eb5d27648393519655eadc578d5dd862d06873cce04c4d1b"},
    {file = "pydantic_core-2.6.3-cp38-cp38-manylinux_2_17_x86_64.manylinux2014_x86_64.whl", hash = "sha256:9680dd23055dd874173a3a63a44e7f5a13885a4cfd7e84814be71be24fba83db"},
    {file = "pydantic_core-2.6.3-cp38-cp38-manylinux_2_5_i686.manylinux1_i686.whl", hash = "sha256:9a718d56c4d55efcfc63f680f207c9f19c8376e5a8a67773535e6f7e80e93170"},
    {file = "pydantic_core-2.6.3-cp38-cp38-musllinux_1_1_aarch64.whl", hash = "sha256:8ecbac050856eb6c3046dea655b39216597e373aa8e50e134c0e202f9c47efec"},
    {file = "pydantic_core-2.6.3-cp38-cp38-musllinux_1_1_x86_64.whl", hash = "sha256:788be9844a6e5c4612b74512a76b2153f1877cd845410d756841f6c3420230eb"},
    {file = "pydantic_core-2.6.3-cp38-none-win32.whl", hash = "sha256:07a1aec07333bf5adebd8264047d3dc518563d92aca6f2f5b36f505132399efc"},
    {file = "pydantic_core-2.6.3-cp38-none-win_amd64.whl", hash = "sha256:621afe25cc2b3c4ba05fff53525156d5100eb35c6e5a7cf31d66cc9e1963e378"},
    {file = "pydantic_core-2.6.3-cp39-cp39-macosx_10_7_x86_64.whl", hash = "sha256:813aab5bfb19c98ae370952b6f7190f1e28e565909bfc219a0909db168783465"},
    {file = "pydantic_core-2.6.3-cp39-cp39-macosx_11_0_arm64.whl", hash = "sha256:50555ba3cb58f9861b7a48c493636b996a617db1a72c18da4d7f16d7b1b9952b"},
    {file = "pydantic_core-2.6.3-cp39-cp39-manylinux_2_17_aarch64.manylinux2014_aarch64.whl", hash = "sha256:19e20f8baedd7d987bd3f8005c146e6bcbda7cdeefc36fad50c66adb2dd2da48"},
    {file = "pydantic_core-2.6.3-cp39-cp39-manylinux_2_17_armv7l.manylinux2014_armv7l.whl", hash = "sha256:b0a5d7edb76c1c57b95df719af703e796fc8e796447a1da939f97bfa8a918d60"},
    {file = "pydantic_core-2.6.3-cp39-cp39-manylinux_2_17_ppc64le.manylinux2014_ppc64le.whl", hash = "sha256:f06e21ad0b504658a3a9edd3d8530e8cea5723f6ea5d280e8db8efc625b47e49"},
    {file = "pydantic_core-2.6.3-cp39-cp39-manylinux_2_17_s390x.manylinux2014_s390x.whl", hash = "sha256:ea053cefa008fda40f92aab937fb9f183cf8752e41dbc7bc68917884454c6362"},
    {file = "pydantic_core-2.6.3-cp39-cp39-manylinux_2_17_x86_64.manylinux2014_x86_64.whl", hash = "sha256:171a4718860790f66d6c2eda1d95dd1edf64f864d2e9f9115840840cf5b5713f"},
    {file = "pydantic_core-2.6.3-cp39-cp39-manylinux_2_5_i686.manylinux1_i686.whl", hash = "sha256:5ed7ceca6aba5331ece96c0e328cd52f0dcf942b8895a1ed2642de50800b79d3"},
    {file = "pydantic_core-2.6.3-cp39-cp39-musllinux_1_1_aarch64.whl", hash = "sha256:acafc4368b289a9f291e204d2c4c75908557d4f36bd3ae937914d4529bf62a76"},
    {file = "pydantic_core-2.6.3-cp39-cp39-musllinux_1_1_x86_64.whl", hash = "sha256:1aa712ba150d5105814e53cb141412217146fedc22621e9acff9236d77d2a5ef"},
    {file = "pydantic_core-2.6.3-cp39-none-win32.whl", hash = "sha256:44b4f937b992394a2e81a5c5ce716f3dcc1237281e81b80c748b2da6dd5cf29a"},
    {file = "pydantic_core-2.6.3-cp39-none-win_amd64.whl", hash = "sha256:9b33bf9658cb29ac1a517c11e865112316d09687d767d7a0e4a63d5c640d1b17"},
    {file = "pydantic_core-2.6.3-pp310-pypy310_pp73-macosx_10_7_x86_64.whl", hash = "sha256:d7050899026e708fb185e174c63ebc2c4ee7a0c17b0a96ebc50e1f76a231c057"},
    {file = "pydantic_core-2.6.3-pp310-pypy310_pp73-macosx_11_0_arm64.whl", hash = "sha256:99faba727727b2e59129c59542284efebbddade4f0ae6a29c8b8d3e1f437beb7"},
    {file = "pydantic_core-2.6.3-pp310-pypy310_pp73-manylinux_2_17_aarch64.manylinux2014_aarch64.whl", hash = "sha256:5fa159b902d22b283b680ef52b532b29554ea2a7fc39bf354064751369e9dbd7"},
    {file = "pydantic_core-2.6.3-pp310-pypy310_pp73-manylinux_2_17_x86_64.manylinux2014_x86_64.whl", hash = "sha256:046af9cfb5384f3684eeb3f58a48698ddab8dd870b4b3f67f825353a14441418"},
    {file = "pydantic_core-2.6.3-pp310-pypy310_pp73-manylinux_2_5_i686.manylinux1_i686.whl", hash = "sha256:930bfe73e665ebce3f0da2c6d64455098aaa67e1a00323c74dc752627879fc67"},
    {file = "pydantic_core-2.6.3-pp310-pypy310_pp73-musllinux_1_1_aarch64.whl", hash = "sha256:85cc4d105747d2aa3c5cf3e37dac50141bff779545ba59a095f4a96b0a460e70"},
    {file = "pydantic_core-2.6.3-pp310-pypy310_pp73-musllinux_1_1_x86_64.whl", hash = "sha256:b25afe9d5c4f60dcbbe2b277a79be114e2e65a16598db8abee2a2dcde24f162b"},
    {file = "pydantic_core-2.6.3-pp310-pypy310_pp73-win_amd64.whl", hash = "sha256:e49ce7dc9f925e1fb010fc3d555250139df61fa6e5a0a95ce356329602c11ea9"},
    {file = "pydantic_core-2.6.3-pp37-pypy37_pp73-macosx_10_7_x86_64.whl", hash = "sha256:2dd50d6a1aef0426a1d0199190c6c43ec89812b1f409e7fe44cb0fbf6dfa733c"},
    {file = "pydantic_core-2.6.3-pp37-pypy37_pp73-manylinux_2_17_aarch64.manylinux2014_aarch64.whl", hash = "sha256:c6595b0d8c8711e8e1dc389d52648b923b809f68ac1c6f0baa525c6440aa0daa"},
    {file = "pydantic_core-2.6.3-pp37-pypy37_pp73-manylinux_2_17_x86_64.manylinux2014_x86_64.whl", hash = "sha256:4ef724a059396751aef71e847178d66ad7fc3fc969a1a40c29f5aac1aa5f8784"},
    {file = "pydantic_core-2.6.3-pp37-pypy37_pp73-manylinux_2_5_i686.manylinux1_i686.whl", hash = "sha256:3c8945a105f1589ce8a693753b908815e0748f6279959a4530f6742e1994dcb6"},
    {file = "pydantic_core-2.6.3-pp37-pypy37_pp73-musllinux_1_1_aarch64.whl", hash = "sha256:c8c6660089a25d45333cb9db56bb9e347241a6d7509838dbbd1931d0e19dbc7f"},
    {file = "pydantic_core-2.6.3-pp37-pypy37_pp73-musllinux_1_1_x86_64.whl", hash = "sha256:692b4ff5c4e828a38716cfa92667661a39886e71136c97b7dac26edef18767f7"},
    {file = "pydantic_core-2.6.3-pp37-pypy37_pp73-win_amd64.whl", hash = "sha256:f1a5d8f18877474c80b7711d870db0eeef9442691fcdb00adabfc97e183ee0b0"},
    {file = "pydantic_core-2.6.3-pp38-pypy38_pp73-macosx_10_7_x86_64.whl", hash = "sha256:3796a6152c545339d3b1652183e786df648ecdf7c4f9347e1d30e6750907f5bb"},
    {file = "pydantic_core-2.6.3-pp38-pypy38_pp73-macosx_11_0_arm64.whl", hash = "sha256:b962700962f6e7a6bd77e5f37320cabac24b4c0f76afeac05e9f93cf0c620014"},
    {file = "pydantic_core-2.6.3-pp38-pypy38_pp73-manylinux_2_17_aarch64.manylinux2014_aarch64.whl", hash = "sha256:56ea80269077003eaa59723bac1d8bacd2cd15ae30456f2890811efc1e3d4413"},
    {file = "pydantic_core-2.6.3-pp38-pypy38_pp73-manylinux_2_17_x86_64.manylinux2014_x86_64.whl", hash = "sha256:75c0ebbebae71ed1e385f7dfd9b74c1cff09fed24a6df43d326dd7f12339ec34"},
    {file = "pydantic_core-2.6.3-pp38-pypy38_pp73-manylinux_2_5_i686.manylinux1_i686.whl", hash = "sha256:252851b38bad3bfda47b104ffd077d4f9604a10cb06fe09d020016a25107bf98"},
    {file = "pydantic_core-2.6.3-pp38-pypy38_pp73-musllinux_1_1_aarch64.whl", hash = "sha256:6656a0ae383d8cd7cc94e91de4e526407b3726049ce8d7939049cbfa426518c8"},
    {file = "pydantic_core-2.6.3-pp38-pypy38_pp73-musllinux_1_1_x86_64.whl", hash = "sha256:d9140ded382a5b04a1c030b593ed9bf3088243a0a8b7fa9f071a5736498c5483"},
    {file = "pydantic_core-2.6.3-pp38-pypy38_pp73-win_amd64.whl", hash = "sha256:d38bbcef58220f9c81e42c255ef0bf99735d8f11edef69ab0b499da77105158a"},
    {file = "pydantic_core-2.6.3-pp39-pypy39_pp73-macosx_10_7_x86_64.whl", hash = "sha256:c9d469204abcca28926cbc28ce98f28e50e488767b084fb3fbdf21af11d3de26"},
    {file = "pydantic_core-2.6.3-pp39-pypy39_pp73-macosx_11_0_arm64.whl", hash = "sha256:48c1ed8b02ffea4d5c9c220eda27af02b8149fe58526359b3c07eb391cb353a2"},
    {file = "pydantic_core-2.6.3-pp39-pypy39_pp73-manylinux_2_17_aarch64.manylinux2014_aarch64.whl", hash = "sha256:8b2b1bfed698fa410ab81982f681f5b1996d3d994ae8073286515ac4d165c2e7"},
    {file = "pydantic_core-2.6.3-pp39-pypy39_pp73-manylinux_2_17_x86_64.manylinux2014_x86_64.whl", hash = "sha256:bf9d42a71a4d7a7c1f14f629e5c30eac451a6fc81827d2beefd57d014c006c4a"},
    {file = "pydantic_core-2.6.3-pp39-pypy39_pp73-manylinux_2_5_i686.manylinux1_i686.whl", hash = "sha256:4292ca56751aebbe63a84bbfc3b5717abb09b14d4b4442cc43fd7c49a1529efd"},
    {file = "pydantic_core-2.6.3-pp39-pypy39_pp73-musllinux_1_1_aarch64.whl", hash = "sha256:7dc2ce039c7290b4ef64334ec7e6ca6494de6eecc81e21cb4f73b9b39991408c"},
    {file = "pydantic_core-2.6.3-pp39-pypy39_pp73-musllinux_1_1_x86_64.whl", hash = "sha256:615a31b1629e12445c0e9fc8339b41aaa6cc60bd53bf802d5fe3d2c0cda2ae8d"},
    {file = "pydantic_core-2.6.3-pp39-pypy39_pp73-win_amd64.whl", hash = "sha256:1fa1f6312fb84e8c281f32b39affe81984ccd484da6e9d65b3d18c202c666149"},
    {file = "pydantic_core-2.6.3.tar.gz", hash = "sha256:1508f37ba9e3ddc0189e6ff4e2228bd2d3c3a4641cbe8c07177162f76ed696c7"},
]

[package.dependencies]
typing-extensions = ">=4.6.0,<4.7.0 || >4.7.0"

[[package]]
name = "sniffio"
version = "1.3.0"
description = "Sniff out which async library your code is running under"
optional = false
python-versions = ">=3.7"
files = [
    {file = "sniffio-1.3.0-py3-none-any.whl", hash = "sha256:eecefdce1e5bbfb7ad2eeaabf7c1eeb404d7757c379bd1f7e5cce9d8bf425384"},
    {file = "sniffio-1.3.0.tar.gz", hash = "sha256:e60305c5e5d314f5389259b7f22aaa33d8f7dee49763119234af3755c55b9101"},
]

[[package]]
name = "starlette"
version = "0.27.0"
description = "The little ASGI library that shines."
optional = false
python-versions = ">=3.7"
files = [
    {file = "starlette-0.27.0-py3-none-any.whl", hash = "sha256:918416370e846586541235ccd38a474c08b80443ed31c578a418e2209b3eef91"},
    {file = "starlette-0.27.0.tar.gz", hash = "sha256:6a6b0d042acb8d469a01eba54e9cda6cbd24ac602c4cd016723117d6a7e73b75"},
]

[package.dependencies]
anyio = ">=3.4.0,<5"

[package.extras]
full = ["httpx (>=0.22.0)", "itsdangerous", "jinja2", "python-multipart", "pyyaml"]

[[package]]
name = "typing-extensions"
version = "4.7.1"
description = "Backported and Experimental Type Hints for Python 3.7+"
optional = false
python-versions = ">=3.7"
files = [
    {file = "typing_extensions-4.7.1-py3-none-any.whl", hash = "sha256:440d5dd3af93b060174bf433bccd69b0babc3b15b1a8dca43789fd7f61514b36"},
    {file = "typing_extensions-4.7.1.tar.gz", hash = "sha256:b75ddc264f0ba5615db7ba217daeb99701ad295353c45f9e95963337ceeeffb2"},
]

[[package]]
name = "uvicorn"
version = "0.23.2"
description = "The lightning-fast ASGI server."
optional = false
python-versions = ">=3.8"
files = [
    {file = "uvicorn-0.23.2-py3-none-any.whl", hash = "sha256:1f9be6558f01239d4fdf22ef8126c39cb1ad0addf76c40e760549d2c2f43ab53"},
    {file = "uvicorn-0.23.2.tar.gz", hash = "sha256:4d3cc12d7727ba72b64d12d3cc7743124074c0a69f7b201512fc50c3e3f1569a"},
]

[package.dependencies]
click = ">=7.0"
h11 = ">=0.8"

[package.extras]
standard = ["colorama (>=0.4)", "httptools (>=0.5.0)", "python-dotenv (>=0.13)", "pyyaml (>=5.1)", "uvloop (>=0.14.0,!=0.15.0,!=0.15.1)", "watchfiles (>=0.13)", "websockets (>=10.4)"]

[[package]]
name = "websockets"
version = "11.0.3"
description = "An implementation of the WebSocket Protocol (RFC 6455 & 7692)"
optional = false
python-versions = ">=3.7"
files = [
    {file = "websockets-11.0.3-cp310-cp310-macosx_10_9_universal2.whl", hash = "sha256:3ccc8a0c387629aec40f2fc9fdcb4b9d5431954f934da3eaf16cdc94f67dbfac"},
    {file = "websockets-11.0.3-cp310-cp310-macosx_10_9_x86_64.whl", hash = "sha256:d67ac60a307f760c6e65dad586f556dde58e683fab03323221a4e530ead6f74d"},
    {file = "websockets-11.0.3-cp310-cp310-macosx_11_0_arm64.whl", hash = "sha256:84d27a4832cc1a0ee07cdcf2b0629a8a72db73f4cf6de6f0904f6661227f256f"},
    {file = "websockets-11.0.3-cp310-cp310-manylinux_2_17_aarch64.manylinux2014_aarch64.whl", hash = "sha256:ffd7dcaf744f25f82190856bc26ed81721508fc5cbf2a330751e135ff1283564"},
    {file = "websockets-11.0.3-cp310-cp310-manylinux_2_5_i686.manylinux1_i686.manylinux_2_17_i686.manylinux2014_i686.whl", hash = "sha256:7622a89d696fc87af8e8d280d9b421db5133ef5b29d3f7a1ce9f1a7bf7fcfa11"},
    {file = "websockets-11.0.3-cp310-cp310-manylinux_2_5_x86_64.manylinux1_x86_64.manylinux_2_17_x86_64.manylinux2014_x86_64.whl", hash = "sha256:bceab846bac555aff6427d060f2fcfff71042dba6f5fca7dc4f75cac815e57ca"},
    {file = "websockets-11.0.3-cp310-cp310-musllinux_1_1_aarch64.whl", hash = "sha256:54c6e5b3d3a8936a4ab6870d46bdd6ec500ad62bde9e44462c32d18f1e9a8e54"},
    {file = "websockets-11.0.3-cp310-cp310-musllinux_1_1_i686.whl", hash = "sha256:41f696ba95cd92dc047e46b41b26dd24518384749ed0d99bea0a941ca87404c4"},
    {file = "websockets-11.0.3-cp310-cp310-musllinux_1_1_x86_64.whl", hash = "sha256:86d2a77fd490ae3ff6fae1c6ceaecad063d3cc2320b44377efdde79880e11526"},
    {file = "websockets-11.0.3-cp310-cp310-win32.whl", hash = "sha256:2d903ad4419f5b472de90cd2d40384573b25da71e33519a67797de17ef849b69"},
    {file = "websockets-11.0.3-cp310-cp310-win_amd64.whl", hash = "sha256:1d2256283fa4b7f4c7d7d3e84dc2ece74d341bce57d5b9bf385df109c2a1a82f"},
    {file = "websockets-11.0.3-cp311-cp311-macosx_10_9_universal2.whl", hash = "sha256:e848f46a58b9fcf3d06061d17be388caf70ea5b8cc3466251963c8345e13f7eb"},
    {file = "websockets-11.0.3-cp311-cp311-macosx_10_9_x86_64.whl", hash = "sha256:aa5003845cdd21ac0dc6c9bf661c5beddd01116f6eb9eb3c8e272353d45b3288"},
    {file = "websockets-11.0.3-cp311-cp311-macosx_11_0_arm64.whl", hash = "sha256:b58cbf0697721120866820b89f93659abc31c1e876bf20d0b3d03cef14faf84d"},
    {file = "websockets-11.0.3-cp311-cp311-manylinux_2_17_aarch64.manylinux2014_aarch64.whl", hash = "sha256:660e2d9068d2bedc0912af508f30bbeb505bbbf9774d98def45f68278cea20d3"},
    {file = "websockets-11.0.3-cp311-cp311-manylinux_2_5_i686.manylinux1_i686.manylinux_2_17_i686.manylinux2014_i686.whl", hash = "sha256:c1f0524f203e3bd35149f12157438f406eff2e4fb30f71221c8a5eceb3617b6b"},
    {file = "websockets-11.0.3-cp311-cp311-manylinux_2_5_x86_64.manylinux1_x86_64.manylinux_2_17_x86_64.manylinux2014_x86_64.whl", hash = "sha256:def07915168ac8f7853812cc593c71185a16216e9e4fa886358a17ed0fd9fcf6"},
    {file = "websockets-11.0.3-cp311-cp311-musllinux_1_1_aarch64.whl", hash = "sha256:b30c6590146e53149f04e85a6e4fcae068df4289e31e4aee1fdf56a0dead8f97"},
    {file = "websockets-11.0.3-cp311-cp311-musllinux_1_1_i686.whl", hash = "sha256:619d9f06372b3a42bc29d0cd0354c9bb9fb39c2cbc1a9c5025b4538738dbffaf"},
    {file = "websockets-11.0.3-cp311-cp311-musllinux_1_1_x86_64.whl", hash = "sha256:01f5567d9cf6f502d655151645d4e8b72b453413d3819d2b6f1185abc23e82dd"},
    {file = "websockets-11.0.3-cp311-cp311-win32.whl", hash = "sha256:e1459677e5d12be8bbc7584c35b992eea142911a6236a3278b9b5ce3326f282c"},
    {file = "websockets-11.0.3-cp311-cp311-win_amd64.whl", hash = "sha256:e7837cb169eca3b3ae94cc5787c4fed99eef74c0ab9506756eea335e0d6f3ed8"},
    {file = "websockets-11.0.3-cp37-cp37m-macosx_10_9_x86_64.whl", hash = "sha256:9f59a3c656fef341a99e3d63189852be7084c0e54b75734cde571182c087b152"},
    {file = "websockets-11.0.3-cp37-cp37m-manylinux_2_17_aarch64.manylinux2014_aarch64.whl", hash = "sha256:2529338a6ff0eb0b50c7be33dc3d0e456381157a31eefc561771ee431134a97f"},
    {file = "websockets-11.0.3-cp37-cp37m-manylinux_2_5_i686.manylinux1_i686.manylinux_2_17_i686.manylinux2014_i686.whl", hash = "sha256:34fd59a4ac42dff6d4681d8843217137f6bc85ed29722f2f7222bd619d15e95b"},
    {file = "websockets-11.0.3-cp37-cp37m-manylinux_2_5_x86_64.manylinux1_x86_64.manylinux_2_17_x86_64.manylinux2014_x86_64.whl", hash = "sha256:332d126167ddddec94597c2365537baf9ff62dfcc9db4266f263d455f2f031cb"},
    {file = "websockets-11.0.3-cp37-cp37m-musllinux_1_1_aarch64.whl", hash = "sha256:6505c1b31274723ccaf5f515c1824a4ad2f0d191cec942666b3d0f3aa4cb4007"},
    {file = "websockets-11.0.3-cp37-cp37m-musllinux_1_1_i686.whl", hash = "sha256:f467ba0050b7de85016b43f5a22b46383ef004c4f672148a8abf32bc999a87f0"},
    {file = "websockets-11.0.3-cp37-cp37m-musllinux_1_1_x86_64.whl", hash = "sha256:9d9acd80072abcc98bd2c86c3c9cd4ac2347b5a5a0cae7ed5c0ee5675f86d9af"},
    {file = "websockets-11.0.3-cp37-cp37m-win32.whl", hash = "sha256:e590228200fcfc7e9109509e4d9125eace2042fd52b595dd22bbc34bb282307f"},
    {file = "websockets-11.0.3-cp37-cp37m-win_amd64.whl", hash = "sha256:b16fff62b45eccb9c7abb18e60e7e446998093cdcb50fed33134b9b6878836de"},
    {file = "websockets-11.0.3-cp38-cp38-macosx_10_9_universal2.whl", hash = "sha256:fb06eea71a00a7af0ae6aefbb932fb8a7df3cb390cc217d51a9ad7343de1b8d0"},
    {file = "websockets-11.0.3-cp38-cp38-macosx_10_9_x86_64.whl", hash = "sha256:8a34e13a62a59c871064dfd8ffb150867e54291e46d4a7cf11d02c94a5275bae"},
    {file = "websockets-11.0.3-cp38-cp38-macosx_11_0_arm64.whl", hash = "sha256:4841ed00f1026dfbced6fca7d963c4e7043aa832648671b5138008dc5a8f6d99"},
    {file = "websockets-11.0.3-cp38-cp38-manylinux_2_17_aarch64.manylinux2014_aarch64.whl", hash = "sha256:1a073fc9ab1c8aff37c99f11f1641e16da517770e31a37265d2755282a5d28aa"},
    {file = "websockets-11.0.3-cp38-cp38-manylinux_2_5_i686.manylinux1_i686.manylinux_2_17_i686.manylinux2014_i686.whl", hash = "sha256:68b977f21ce443d6d378dbd5ca38621755f2063d6fdb3335bda981d552cfff86"},
    {file = "websockets-11.0.3-cp38-cp38-manylinux_2_5_x86_64.manylinux1_x86_64.manylinux_2_17_x86_64.manylinux2014_x86_64.whl", hash = "sha256:e1a99a7a71631f0efe727c10edfba09ea6bee4166a6f9c19aafb6c0b5917d09c"},
    {file = "websockets-11.0.3-cp38-cp38-musllinux_1_1_aarch64.whl", hash = "sha256:bee9fcb41db2a23bed96c6b6ead6489702c12334ea20a297aa095ce6d31370d0"},
    {file = "websockets-11.0.3-cp38-cp38-musllinux_1_1_i686.whl", hash = "sha256:4b253869ea05a5a073ebfdcb5cb3b0266a57c3764cf6fe114e4cd90f4bfa5f5e"},
    {file = "websockets-11.0.3-cp38-cp38-musllinux_1_1_x86_64.whl", hash = "sha256:1553cb82942b2a74dd9b15a018dce645d4e68674de2ca31ff13ebc2d9f283788"},
    {file = "websockets-11.0.3-cp38-cp38-win32.whl", hash = "sha256:f61bdb1df43dc9c131791fbc2355535f9024b9a04398d3bd0684fc16ab07df74"},
    {file = "websockets-11.0.3-cp38-cp38-win_amd64.whl", hash = "sha256:03aae4edc0b1c68498f41a6772d80ac7c1e33c06c6ffa2ac1c27a07653e79d6f"},
    {file = "websockets-11.0.3-cp39-cp39-macosx_10_9_universal2.whl", hash = "sha256:777354ee16f02f643a4c7f2b3eff8027a33c9861edc691a2003531f5da4f6bc8"},
    {file = "websockets-11.0.3-cp39-cp39-macosx_10_9_x86_64.whl", hash = "sha256:8c82f11964f010053e13daafdc7154ce7385ecc538989a354ccc7067fd7028fd"},
    {file = "websockets-11.0.3-cp39-cp39-macosx_11_0_arm64.whl", hash = "sha256:3580dd9c1ad0701169e4d6fc41e878ffe05e6bdcaf3c412f9d559389d0c9e016"},
    {file = "websockets-11.0.3-cp39-cp39-manylinux_2_17_aarch64.manylinux2014_aarch64.whl", hash = "sha256:6f1a3f10f836fab6ca6efa97bb952300b20ae56b409414ca85bff2ad241d2a61"},
    {file = "websockets-11.0.3-cp39-cp39-manylinux_2_5_i686.manylinux1_i686.manylinux_2_17_i686.manylinux2014_i686.whl", hash = "sha256:df41b9bc27c2c25b486bae7cf42fccdc52ff181c8c387bfd026624a491c2671b"},
    {file = "websockets-11.0.3-cp39-cp39-manylinux_2_5_x86_64.manylinux1_x86_64.manylinux_2_17_x86_64.manylinux2014_x86_64.whl", hash = "sha256:279e5de4671e79a9ac877427f4ac4ce93751b8823f276b681d04b2156713b9dd"},
    {file = "websockets-11.0.3-cp39-cp39-musllinux_1_1_aarch64.whl", hash = "sha256:1fdf26fa8a6a592f8f9235285b8affa72748dc12e964a5518c6c5e8f916716f7"},
    {file = "websockets-11.0.3-cp39-cp39-musllinux_1_1_i686.whl", hash = "sha256:69269f3a0b472e91125b503d3c0b3566bda26da0a3261c49f0027eb6075086d1"},
    {file = "websockets-11.0.3-cp39-cp39-musllinux_1_1_x86_64.whl", hash = "sha256:97b52894d948d2f6ea480171a27122d77af14ced35f62e5c892ca2fae9344311"},
    {file = "websockets-11.0.3-cp39-cp39-win32.whl", hash = "sha256:c7f3cb904cce8e1be667c7e6fef4516b98d1a6a0635a58a57528d577ac18a128"},
    {file = "websockets-11.0.3-cp39-cp39-win_amd64.whl", hash = "sha256:c792ea4eabc0159535608fc5658a74d1a81020eb35195dd63214dcf07556f67e"},
    {file = "websockets-11.0.3-pp37-pypy37_pp73-macosx_10_9_x86_64.whl", hash = "sha256:f2e58f2c36cc52d41f2659e4c0cbf7353e28c8c9e63e30d8c6d3494dc9fdedcf"},
    {file = "websockets-11.0.3-pp37-pypy37_pp73-manylinux_2_17_aarch64.manylinux2014_aarch64.whl", hash = "sha256:de36fe9c02995c7e6ae6efe2e205816f5f00c22fd1fbf343d4d18c3d5ceac2f5"},
    {file = "websockets-11.0.3-pp37-pypy37_pp73-manylinux_2_5_i686.manylinux1_i686.manylinux_2_17_i686.manylinux2014_i686.whl", hash = "sha256:0ac56b661e60edd453585f4bd68eb6a29ae25b5184fd5ba51e97652580458998"},
    {file = "websockets-11.0.3-pp37-pypy37_pp73-manylinux_2_5_x86_64.manylinux1_x86_64.manylinux_2_17_x86_64.manylinux2014_x86_64.whl", hash = "sha256:e052b8467dd07d4943936009f46ae5ce7b908ddcac3fda581656b1b19c083d9b"},
    {file = "websockets-11.0.3-pp37-pypy37_pp73-win_amd64.whl", hash = "sha256:42cc5452a54a8e46a032521d7365da775823e21bfba2895fb7b77633cce031bb"},
    {file = "websockets-11.0.3-pp38-pypy38_pp73-macosx_10_9_x86_64.whl", hash = "sha256:e6316827e3e79b7b8e7d8e3b08f4e331af91a48e794d5d8b099928b6f0b85f20"},
    {file = "websockets-11.0.3-pp38-pypy38_pp73-manylinux_2_17_aarch64.manylinux2014_aarch64.whl", hash = "sha256:8531fdcad636d82c517b26a448dcfe62f720e1922b33c81ce695d0edb91eb931"},
    {file = "websockets-11.0.3-pp38-pypy38_pp73-manylinux_2_5_i686.manylinux1_i686.manylinux_2_17_i686.manylinux2014_i686.whl", hash = "sha256:c114e8da9b475739dde229fd3bc6b05a6537a88a578358bc8eb29b4030fac9c9"},
    {file = "websockets-11.0.3-pp38-pypy38_pp73-manylinux_2_5_x86_64.manylinux1_x86_64.manylinux_2_17_x86_64.manylinux2014_x86_64.whl", hash = "sha256:e063b1865974611313a3849d43f2c3f5368093691349cf3c7c8f8f75ad7cb280"},
    {file = "websockets-11.0.3-pp38-pypy38_pp73-win_amd64.whl", hash = "sha256:92b2065d642bf8c0a82d59e59053dd2fdde64d4ed44efe4870fa816c1232647b"},
    {file = "websockets-11.0.3-pp39-pypy39_pp73-macosx_10_9_x86_64.whl", hash = "sha256:0ee68fe502f9031f19d495dae2c268830df2760c0524cbac5d759921ba8c8e82"},
    {file = "websockets-11.0.3-pp39-pypy39_pp73-manylinux_2_17_aarch64.manylinux2014_aarch64.whl", hash = "sha256:dcacf2c7a6c3a84e720d1bb2b543c675bf6c40e460300b628bab1b1efc7c034c"},
    {file = "websockets-11.0.3-pp39-pypy39_pp73-manylinux_2_5_i686.manylinux1_i686.manylinux_2_17_i686.manylinux2014_i686.whl", hash = "sha256:b67c6f5e5a401fc56394f191f00f9b3811fe843ee93f4a70df3c389d1adf857d"},
    {file = "websockets-11.0.3-pp39-pypy39_pp73-manylinux_2_5_x86_64.manylinux1_x86_64.manylinux_2_17_x86_64.manylinux2014_x86_64.whl", hash = "sha256:1d5023a4b6a5b183dc838808087033ec5df77580485fc533e7dab2567851b0a4"},
    {file = "websockets-11.0.3-pp39-pypy39_pp73-win_amd64.whl", hash = "sha256:ed058398f55163a79bb9f06a90ef9ccc063b204bb346c4de78efc5d15abfe602"},
    {file = "websockets-11.0.3-py3-none-any.whl", hash = "sha256:6681ba9e7f8f3b19440921e99efbb40fc89f26cd71bf539e45d8c8a25c976dc6"},
    {file = "websockets-11.0.3.tar.gz", hash = "sha256:88fc51d9a26b10fc331be344f1781224a375b78488fc343620184e95a4b27016"},
]

[metadata]
lock-version = "2.0"
python-versions = "^3.11"
content-hash = "e17a6e02899792819bdf96015e0bb638f9198ca89267a5d1c89e3604a84ccac3"
